// !$*UTF8*$!
{
	archiveVersion = 1;
	classes = {
	};
	objectVersion = 56;
	objects = {

/* Begin PBXBuildFile section */
		3238F0B02A1E54E900130C88 /* AppDelegate.swift in Sources */ = {isa = PBXBuildFile; fileRef = 3238F0AF2A1E54E900130C88 /* AppDelegate.swift */; };
		3238F0B22A1E54E900130C88 /* MainViewController.swift in Sources */ = {isa = PBXBuildFile; fileRef = 3238F0B12A1E54E900130C88 /* MainViewController.swift */; };
		3238F0B62A1E54EC00130C88 /* Assets.xcassets in Resources */ = {isa = PBXBuildFile; fileRef = 3238F0B52A1E54EC00130C88 /* Assets.xcassets */; };
		3238F0B92A1E54EC00130C88 /* LaunchScreen.storyboard in Resources */ = {isa = PBXBuildFile; fileRef = 3238F0B72A1E54EC00130C88 /* LaunchScreen.storyboard */; };
		3238F10B2A22171C00130C88 /* MainModulePresenter.swift in Sources */ = {isa = PBXBuildFile; fileRef = 3238F10A2A22171C00130C88 /* MainModulePresenter.swift */; };
		3238F10D2A22173500130C88 /* MainModuleInteractor.swift in Sources */ = {isa = PBXBuildFile; fileRef = 3238F10C2A22173500130C88 /* MainModuleInteractor.swift */; };
		3238F10F2A2217AC00130C88 /* MainModuleProtocols.swift in Sources */ = {isa = PBXBuildFile; fileRef = 3238F10E2A2217AC00130C88 /* MainModuleProtocols.swift */; };
		3238F1122A221A7400130C88 /* MainModuleBuilder.swift in Sources */ = {isa = PBXBuildFile; fileRef = 3238F1112A221A7400130C88 /* MainModuleBuilder.swift */; };
		3238F1162A221E7900130C88 /* NetworkService.swift in Sources */ = {isa = PBXBuildFile; fileRef = 3238F1152A221E7900130C88 /* NetworkService.swift */; };
		3238F1182A221E8F00130C88 /* NetworkProperties.swift in Sources */ = {isa = PBXBuildFile; fileRef = 3238F1172A221E8F00130C88 /* NetworkProperties.swift */; };
		3238F1212A222BE100130C88 /* AddCityViewController.swift in Sources */ = {isa = PBXBuildFile; fileRef = 3238F1202A222BE100130C88 /* AddCityViewController.swift */; };
		3238F1232A222BF900130C88 /* AddCityModulePresenter.swift in Sources */ = {isa = PBXBuildFile; fileRef = 3238F1222A222BF900130C88 /* AddCityModulePresenter.swift */; };
		3238F1252A222C2D00130C88 /* AddCityModuleInteractor.swift in Sources */ = {isa = PBXBuildFile; fileRef = 3238F1242A222C2D00130C88 /* AddCityModuleInteractor.swift */; };
		3238F1272A222C3B00130C88 /* AddCityBuilder.swift in Sources */ = {isa = PBXBuildFile; fileRef = 3238F1262A222C3B00130C88 /* AddCityBuilder.swift */; };
		3238F1292A222C5100130C88 /* AddCityModuleProtocols.swift in Sources */ = {isa = PBXBuildFile; fileRef = 3238F1282A222C5100130C88 /* AddCityModuleProtocols.swift */; };
		3238F12D2A222E3F00130C88 /* DeilyWeatherCell.swift in Sources */ = {isa = PBXBuildFile; fileRef = 3238F12C2A222E3F00130C88 /* DeilyWeatherCell.swift */; };
		3238F1302A22322D00130C88 /* CityCell.swift in Sources */ = {isa = PBXBuildFile; fileRef = 3238F12F2A22322D00130C88 /* CityCell.swift */; };
		3238F1362A22437800130C88 /* LocationService.swift in Sources */ = {isa = PBXBuildFile; fileRef = 3238F1352A22437800130C88 /* LocationService.swift */; };
		3238F1382A22575700130C88 /* CurrentWeatherModel.swift in Sources */ = {isa = PBXBuildFile; fileRef = 3238F1372A22575700130C88 /* CurrentWeatherModel.swift */; };
		3238F13A2A22579E00130C88 /* DailyWeatherModel.swift in Sources */ = {isa = PBXBuildFile; fileRef = 3238F1392A22579E00130C88 /* DailyWeatherModel.swift */; };
		3238F13C2A225A5D00130C88 /* CityCurrentWeatherModel.swift in Sources */ = {isa = PBXBuildFile; fileRef = 3238F13B2A225A5D00130C88 /* CityCurrentWeatherModel.swift */; };
		3238F14B2A24ED4100130C88 /* MainModuleEntity.swift in Sources */ = {isa = PBXBuildFile; fileRef = 3238F14A2A24ED4100130C88 /* MainModuleEntity.swift */; };
		326654EC2A25481700D4D686 /* UIViewControllerExtension.swift in Sources */ = {isa = PBXBuildFile; fileRef = 326654EB2A25481700D4D686 /* UIViewControllerExtension.swift */; };
		326654EE2A25502400D4D686 /* UIViewExtension.swift in Sources */ = {isa = PBXBuildFile; fileRef = 326654ED2A25502400D4D686 /* UIViewExtension.swift */; };
		326654F02A2550E700D4D686 /* UIStackViewExtension.swift in Sources */ = {isa = PBXBuildFile; fileRef = 326654EF2A2550E700D4D686 /* UIStackViewExtension.swift */; };
/* End PBXBuildFile section */

/* Begin PBXFileReference section */
		3238F0AC2A1E54E900130C88 /* WeatherAppTestTask.app */ = {isa = PBXFileReference; explicitFileType = wrapper.application; includeInIndex = 0; path = WeatherAppTestTask.app; sourceTree = BUILT_PRODUCTS_DIR; };
		3238F0AF2A1E54E900130C88 /* AppDelegate.swift */ = {isa = PBXFileReference; lastKnownFileType = sourcecode.swift; path = AppDelegate.swift; sourceTree = "<group>"; };
		3238F0B12A1E54E900130C88 /* MainViewController.swift */ = {isa = PBXFileReference; lastKnownFileType = sourcecode.swift; path = MainViewController.swift; sourceTree = "<group>"; };
		3238F0B52A1E54EC00130C88 /* Assets.xcassets */ = {isa = PBXFileReference; lastKnownFileType = folder.assetcatalog; path = Assets.xcassets; sourceTree = "<group>"; };
		3238F0B82A1E54EC00130C88 /* Base */ = {isa = PBXFileReference; lastKnownFileType = file.storyboard; name = Base; path = Base.lproj/LaunchScreen.storyboard; sourceTree = "<group>"; };
		3238F10A2A22171C00130C88 /* MainModulePresenter.swift */ = {isa = PBXFileReference; lastKnownFileType = sourcecode.swift; path = MainModulePresenter.swift; sourceTree = "<group>"; };
		3238F10C2A22173500130C88 /* MainModuleInteractor.swift */ = {isa = PBXFileReference; lastKnownFileType = sourcecode.swift; path = MainModuleInteractor.swift; sourceTree = "<group>"; };
		3238F10E2A2217AC00130C88 /* MainModuleProtocols.swift */ = {isa = PBXFileReference; lastKnownFileType = sourcecode.swift; path = MainModuleProtocols.swift; sourceTree = "<group>"; };
		3238F1112A221A7400130C88 /* MainModuleBuilder.swift */ = {isa = PBXFileReference; lastKnownFileType = sourcecode.swift; path = MainModuleBuilder.swift; sourceTree = "<group>"; };
		3238F1152A221E7900130C88 /* NetworkService.swift */ = {isa = PBXFileReference; lastKnownFileType = sourcecode.swift; path = NetworkService.swift; sourceTree = "<group>"; };
		3238F1172A221E8F00130C88 /* NetworkProperties.swift */ = {isa = PBXFileReference; lastKnownFileType = sourcecode.swift; path = NetworkProperties.swift; sourceTree = "<group>"; };
		3238F1202A222BE100130C88 /* AddCityViewController.swift */ = {isa = PBXFileReference; lastKnownFileType = sourcecode.swift; path = AddCityViewController.swift; sourceTree = "<group>"; };
		3238F1222A222BF900130C88 /* AddCityModulePresenter.swift */ = {isa = PBXFileReference; lastKnownFileType = sourcecode.swift; path = AddCityModulePresenter.swift; sourceTree = "<group>"; };
		3238F1242A222C2D00130C88 /* AddCityModuleInteractor.swift */ = {isa = PBXFileReference; lastKnownFileType = sourcecode.swift; path = AddCityModuleInteractor.swift; sourceTree = "<group>"; };
		3238F1262A222C3B00130C88 /* AddCityBuilder.swift */ = {isa = PBXFileReference; lastKnownFileType = sourcecode.swift; path = AddCityBuilder.swift; sourceTree = "<group>"; };
		3238F1282A222C5100130C88 /* AddCityModuleProtocols.swift */ = {isa = PBXFileReference; lastKnownFileType = sourcecode.swift; path = AddCityModuleProtocols.swift; sourceTree = "<group>"; };
		3238F12C2A222E3F00130C88 /* DeilyWeatherCell.swift */ = {isa = PBXFileReference; lastKnownFileType = sourcecode.swift; path = DeilyWeatherCell.swift; sourceTree = "<group>"; };
		3238F12F2A22322D00130C88 /* CityCell.swift */ = {isa = PBXFileReference; lastKnownFileType = sourcecode.swift; path = CityCell.swift; sourceTree = "<group>"; };
		3238F1352A22437800130C88 /* LocationService.swift */ = {isa = PBXFileReference; lastKnownFileType = sourcecode.swift; path = LocationService.swift; sourceTree = "<group>"; };
		3238F1372A22575700130C88 /* CurrentWeatherModel.swift */ = {isa = PBXFileReference; lastKnownFileType = sourcecode.swift; name = CurrentWeatherModel.swift; path = WeatherAppTestTask/Service/CurrentWeatherModel.swift; sourceTree = SOURCE_ROOT; };
		3238F1392A22579E00130C88 /* DailyWeatherModel.swift */ = {isa = PBXFileReference; lastKnownFileType = sourcecode.swift; name = DailyWeatherModel.swift; path = WeatherAppTestTask/Service/DailyWeatherModel.swift; sourceTree = SOURCE_ROOT; };
		3238F13B2A225A5D00130C88 /* CityCurrentWeatherModel.swift */ = {isa = PBXFileReference; lastKnownFileType = sourcecode.swift; name = CityCurrentWeatherModel.swift; path = WeatherAppTestTask/Service/CityCurrentWeatherModel.swift; sourceTree = SOURCE_ROOT; };
		3238F14A2A24ED4100130C88 /* MainModuleEntity.swift */ = {isa = PBXFileReference; lastKnownFileType = sourcecode.swift; path = MainModuleEntity.swift; sourceTree = "<group>"; };
		326654EB2A25481700D4D686 /* UIViewControllerExtension.swift */ = {isa = PBXFileReference; lastKnownFileType = sourcecode.swift; path = UIViewControllerExtension.swift; sourceTree = "<group>"; };
		326654ED2A25502400D4D686 /* UIViewExtension.swift */ = {isa = PBXFileReference; lastKnownFileType = sourcecode.swift; path = UIViewExtension.swift; sourceTree = "<group>"; };
		326654EF2A2550E700D4D686 /* UIStackViewExtension.swift */ = {isa = PBXFileReference; lastKnownFileType = sourcecode.swift; path = UIStackViewExtension.swift; sourceTree = "<group>"; };
/* End PBXFileReference section */

/* Begin PBXFrameworksBuildPhase section */
		3238F0A92A1E54E900130C88 /* Frameworks */ = {
			isa = PBXFrameworksBuildPhase;
			buildActionMask = 2147483647;
			files = (
			);
			runOnlyForDeploymentPostprocessing = 0;
		};
/* End PBXFrameworksBuildPhase section */

/* Begin PBXGroup section */
		3238F0A32A1E54E900130C88 = {
			isa = PBXGroup;
			children = (
				3238F0AE2A1E54E900130C88 /* WeatherAppTestTask */,
				3238F0AD2A1E54E900130C88 /* Products */,
			);
			sourceTree = "<group>";
		};
		3238F0AD2A1E54E900130C88 /* Products */ = {
			isa = PBXGroup;
			children = (
				3238F0AC2A1E54E900130C88 /* WeatherAppTestTask.app */,
			);
			name = Products;
			sourceTree = "<group>";
		};
		3238F0AE2A1E54E900130C88 /* WeatherAppTestTask */ = {
			isa = PBXGroup;
			children = (
				326654E92A2547FF00D4D686 /* Extensions */,
				3238F1192A221F8200130C88 /* Core */,
				3238F11A2A221F9100130C88 /* Resourses */,
				3238F1312A223D3F00130C88 /* Models */,
				3238F1132A221E2F00130C88 /* Service */,
				3238F1042A22165A00130C88 /* Modules */,
			);
			path = WeatherAppTestTask;
			sourceTree = "<group>";
		};
		3238F1042A22165A00130C88 /* Modules */ = {
			isa = PBXGroup;
			children = (
				3238F1052A22166E00130C88 /* MainModule */,
				3238F11B2A222B4B00130C88 /* AddCityModule */,
			);
			path = Modules;
			sourceTree = "<group>";
		};
		3238F1052A22166E00130C88 /* MainModule */ = {
			isa = PBXGroup;
			children = (
				3238F10E2A2217AC00130C88 /* MainModuleProtocols.swift */,
				3238F1112A221A7400130C88 /* MainModuleBuilder.swift */,
				3238F1492A24ED2D00130C88 /* Entity */,
				3238F1092A2216BE00130C88 /* Interactor */,
				3238F1082A2216B600130C88 /* Presenter */,
				3238F1072A2216A900130C88 /* View */,
			);
			path = MainModule;
			sourceTree = "<group>";
		};
		3238F1072A2216A900130C88 /* View */ = {
			isa = PBXGroup;
			children = (
				3238F0B12A1E54E900130C88 /* MainViewController.swift */,
				3238F12B2A222E2C00130C88 /* Cell */,
			);
			path = View;
			sourceTree = "<group>";
		};
		3238F1082A2216B600130C88 /* Presenter */ = {
			isa = PBXGroup;
			children = (
				3238F10A2A22171C00130C88 /* MainModulePresenter.swift */,
			);
			name = Presenter;
			sourceTree = "<group>";
		};
		3238F1092A2216BE00130C88 /* Interactor */ = {
			isa = PBXGroup;
			children = (
				3238F10C2A22173500130C88 /* MainModuleInteractor.swift */,
			);
			name = Interactor;
			sourceTree = "<group>";
		};
		3238F1132A221E2F00130C88 /* Service */ = {
			isa = PBXGroup;
			children = (
				3238F1342A22435C00130C88 /* LocationService */,
				3238F1142A221E3E00130C88 /* NetworkService */,
			);
			path = Service;
			sourceTree = "<group>";
		};
		3238F1142A221E3E00130C88 /* NetworkService */ = {
			isa = PBXGroup;
			children = (
				3238F1152A221E7900130C88 /* NetworkService.swift */,
				3238F1172A221E8F00130C88 /* NetworkProperties.swift */,
			);
			name = NetworkService;
			sourceTree = "<group>";
		};
		3238F1192A221F8200130C88 /* Core */ = {
			isa = PBXGroup;
			children = (
				3238F0AF2A1E54E900130C88 /* AppDelegate.swift */,
				3238F0B72A1E54EC00130C88 /* LaunchScreen.storyboard */,
			);
			path = Core;
			sourceTree = "<group>";
		};
		3238F11A2A221F9100130C88 /* Resourses */ = {
			isa = PBXGroup;
			children = (
				3238F0B52A1E54EC00130C88 /* Assets.xcassets */,
			);
			path = Resourses;
			sourceTree = "<group>";
		};
		3238F11B2A222B4B00130C88 /* AddCityModule */ = {
			isa = PBXGroup;
			children = (
				3238F1282A222C5100130C88 /* AddCityModuleProtocols.swift */,
				3238F1262A222C3B00130C88 /* AddCityBuilder.swift */,
				3238F11C2A222BA800130C88 /* Interactor */,
				3238F11D2A222BAE00130C88 /* Presenter */,
				3238F11F2A222BC200130C88 /* View */,
			);
			path = AddCityModule;
			sourceTree = "<group>";
		};
		3238F11C2A222BA800130C88 /* Interactor */ = {
			isa = PBXGroup;
			children = (
				3238F1242A222C2D00130C88 /* AddCityModuleInteractor.swift */,
			);
			path = Interactor;
			sourceTree = "<group>";
		};
		3238F11D2A222BAE00130C88 /* Presenter */ = {
			isa = PBXGroup;
			children = (
				3238F1222A222BF900130C88 /* AddCityModulePresenter.swift */,
			);
			path = Presenter;
			sourceTree = "<group>";
		};
		3238F11F2A222BC200130C88 /* View */ = {
			isa = PBXGroup;
			children = (
				3238F1202A222BE100130C88 /* AddCityViewController.swift */,
				3238F12E2A22320F00130C88 /* Cell */,
			);
			path = View;
			sourceTree = "<group>";
		};
		3238F12B2A222E2C00130C88 /* Cell */ = {
			isa = PBXGroup;
			children = (
				3238F12C2A222E3F00130C88 /* DeilyWeatherCell.swift */,
			);
			path = Cell;
			sourceTree = "<group>";
		};
		3238F12E2A22320F00130C88 /* Cell */ = {
			isa = PBXGroup;
			children = (
				3238F12F2A22322D00130C88 /* CityCell.swift */,
			);
			path = Cell;
			sourceTree = "<group>";
		};
		3238F1312A223D3F00130C88 /* Models */ = {
			isa = PBXGroup;
			children = (
				3238F1372A22575700130C88 /* CurrentWeatherModel.swift */,
				3238F1392A22579E00130C88 /* DailyWeatherModel.swift */,
				3238F13B2A225A5D00130C88 /* CityCurrentWeatherModel.swift */,
			);
			path = Models;
			sourceTree = "<group>";
		};
		3238F1342A22435C00130C88 /* LocationService */ = {
			isa = PBXGroup;
			children = (
				3238F1352A22437800130C88 /* LocationService.swift */,
			);
			name = LocationService;
			sourceTree = "<group>";
		};
		3238F1492A24ED2D00130C88 /* Entity */ = {
			isa = PBXGroup;
			children = (
				3238F14A2A24ED4100130C88 /* MainModuleEntity.swift */,
			);
			name = Entity;
			sourceTree = "<group>";
		};
		326654E92A2547FF00D4D686 /* Extensions */ = {
			isa = PBXGroup;
			children = (
				326654EA2A25480600D4D686 /* UIKit */,
			);
			path = Extensions;
			sourceTree = "<group>";
		};
		326654EA2A25480600D4D686 /* UIKit */ = {
			isa = PBXGroup;
			children = (
				326654EB2A25481700D4D686 /* UIViewControllerExtension.swift */,
				326654ED2A25502400D4D686 /* UIViewExtension.swift */,
				326654EF2A2550E700D4D686 /* UIStackViewExtension.swift */,
			);
			path = UIKit;
			sourceTree = "<group>";
		};
/* End PBXGroup section */

/* Begin PBXNativeTarget section */
		3238F0AB2A1E54E900130C88 /* WeatherAppTestTask */ = {
			isa = PBXNativeTarget;
			buildConfigurationList = 3238F0BC2A1E54EC00130C88 /* Build configuration list for PBXNativeTarget "WeatherAppTestTask" */;
			buildPhases = (
				3238F0A82A1E54E900130C88 /* Sources */,
				3238F0A92A1E54E900130C88 /* Frameworks */,
				3238F0AA2A1E54E900130C88 /* Resources */,
			);
			buildRules = (
			);
			dependencies = (
			);
			name = WeatherAppTestTask;
			productName = WeatherAppTestTask;
			productReference = 3238F0AC2A1E54E900130C88 /* WeatherAppTestTask.app */;
			productType = "com.apple.product-type.application";
		};
/* End PBXNativeTarget section */

/* Begin PBXProject section */
		3238F0A42A1E54E900130C88 /* Project object */ = {
			isa = PBXProject;
			attributes = {
				BuildIndependentTargetsInParallel = 1;
				LastSwiftUpdateCheck = 1430;
				LastUpgradeCheck = 1430;
				TargetAttributes = {
					3238F0AB2A1E54E900130C88 = {
						CreatedOnToolsVersion = 14.3;
					};
				};
			};
			buildConfigurationList = 3238F0A72A1E54E900130C88 /* Build configuration list for PBXProject "WeatherAppTestTask" */;
			compatibilityVersion = "Xcode 14.0";
			developmentRegion = en;
			hasScannedForEncodings = 0;
			knownRegions = (
				en,
				Base,
			);
			mainGroup = 3238F0A32A1E54E900130C88;
			productRefGroup = 3238F0AD2A1E54E900130C88 /* Products */;
			projectDirPath = "";
			projectRoot = "";
			targets = (
				3238F0AB2A1E54E900130C88 /* WeatherAppTestTask */,
			);
		};
/* End PBXProject section */

/* Begin PBXResourcesBuildPhase section */
		3238F0AA2A1E54E900130C88 /* Resources */ = {
			isa = PBXResourcesBuildPhase;
			buildActionMask = 2147483647;
			files = (
				3238F0B62A1E54EC00130C88 /* Assets.xcassets in Resources */,
				3238F0B92A1E54EC00130C88 /* LaunchScreen.storyboard in Resources */,
			);
			runOnlyForDeploymentPostprocessing = 0;
		};
/* End PBXResourcesBuildPhase section */

/* Begin PBXSourcesBuildPhase section */
		3238F0A82A1E54E900130C88 /* Sources */ = {
			isa = PBXSourcesBuildPhase;
			buildActionMask = 2147483647;
			files = (
				3238F1272A222C3B00130C88 /* AddCityBuilder.swift in Sources */,
				3238F0B02A1E54E900130C88 /* AppDelegate.swift in Sources */,
				326654EE2A25502400D4D686 /* UIViewExtension.swift in Sources */,
				3238F13A2A22579E00130C88 /* DailyWeatherModel.swift in Sources */,
				3238F1302A22322D00130C88 /* CityCell.swift in Sources */,
				3238F12D2A222E3F00130C88 /* DeilyWeatherCell.swift in Sources */,
				326654EC2A25481700D4D686 /* UIViewControllerExtension.swift in Sources */,
				3238F1182A221E8F00130C88 /* NetworkProperties.swift in Sources */,
				3238F10B2A22171C00130C88 /* MainModulePresenter.swift in Sources */,
				326654F02A2550E700D4D686 /* UIStackViewExtension.swift in Sources */,
				3238F10F2A2217AC00130C88 /* MainModuleProtocols.swift in Sources */,
				3238F1382A22575700130C88 /* CurrentWeatherModel.swift in Sources */,
				3238F0B22A1E54E900130C88 /* MainViewController.swift in Sources */,
				3238F13C2A225A5D00130C88 /* CityCurrentWeatherModel.swift in Sources */,
				3238F1252A222C2D00130C88 /* AddCityModuleInteractor.swift in Sources */,
				3238F1232A222BF900130C88 /* AddCityModulePresenter.swift in Sources */,
				3238F1292A222C5100130C88 /* AddCityModuleProtocols.swift in Sources */,
				3238F1122A221A7400130C88 /* MainModuleBuilder.swift in Sources */,
				3238F10D2A22173500130C88 /* MainModuleInteractor.swift in Sources */,
				3238F1212A222BE100130C88 /* AddCityViewController.swift in Sources */,
				3238F1362A22437800130C88 /* LocationService.swift in Sources */,
				3238F1162A221E7900130C88 /* NetworkService.swift in Sources */,
				3238F14B2A24ED4100130C88 /* MainModuleEntity.swift in Sources */,
			);
			runOnlyForDeploymentPostprocessing = 0;
		};
/* End PBXSourcesBuildPhase section */

/* Begin PBXVariantGroup section */
		3238F0B72A1E54EC00130C88 /* LaunchScreen.storyboard */ = {
			isa = PBXVariantGroup;
			children = (
				3238F0B82A1E54EC00130C88 /* Base */,
			);
			name = LaunchScreen.storyboard;
			sourceTree = "<group>";
		};
/* End PBXVariantGroup section */

/* Begin XCBuildConfiguration section */
		3238F0BA2A1E54EC00130C88 /* Debug */ = {
			isa = XCBuildConfiguration;
			buildSettings = {
				ALWAYS_SEARCH_USER_PATHS = NO;
				CLANG_ANALYZER_NONNULL = YES;
				CLANG_ANALYZER_NUMBER_OBJECT_CONVERSION = YES_AGGRESSIVE;
				CLANG_CXX_LANGUAGE_STANDARD = "gnu++20";
				CLANG_ENABLE_MODULES = YES;
				CLANG_ENABLE_OBJC_ARC = YES;
				CLANG_ENABLE_OBJC_WEAK = YES;
				CLANG_WARN_BLOCK_CAPTURE_AUTORELEASING = YES;
				CLANG_WARN_BOOL_CONVERSION = YES;
				CLANG_WARN_COMMA = YES;
				CLANG_WARN_CONSTANT_CONVERSION = YES;
				CLANG_WARN_DEPRECATED_OBJC_IMPLEMENTATIONS = YES;
				CLANG_WARN_DIRECT_OBJC_ISA_USAGE = YES_ERROR;
				CLANG_WARN_DOCUMENTATION_COMMENTS = YES;
				CLANG_WARN_EMPTY_BODY = YES;
				CLANG_WARN_ENUM_CONVERSION = YES;
				CLANG_WARN_INFINITE_RECURSION = YES;
				CLANG_WARN_INT_CONVERSION = YES;
				CLANG_WARN_NON_LITERAL_NULL_CONVERSION = YES;
				CLANG_WARN_OBJC_IMPLICIT_RETAIN_SELF = YES;
				CLANG_WARN_OBJC_LITERAL_CONVERSION = YES;
				CLANG_WARN_OBJC_ROOT_CLASS = YES_ERROR;
				CLANG_WARN_QUOTED_INCLUDE_IN_FRAMEWORK_HEADER = YES;
				CLANG_WARN_RANGE_LOOP_ANALYSIS = YES;
				CLANG_WARN_STRICT_PROTOTYPES = YES;
				CLANG_WARN_SUSPICIOUS_MOVE = YES;
				CLANG_WARN_UNGUARDED_AVAILABILITY = YES_AGGRESSIVE;
				CLANG_WARN_UNREACHABLE_CODE = YES;
				CLANG_WARN__DUPLICATE_METHOD_MATCH = YES;
				COPY_PHASE_STRIP = NO;
				DEBUG_INFORMATION_FORMAT = dwarf;
				ENABLE_STRICT_OBJC_MSGSEND = YES;
				ENABLE_TESTABILITY = YES;
				GCC_C_LANGUAGE_STANDARD = gnu11;
				GCC_DYNAMIC_NO_PIC = NO;
				GCC_NO_COMMON_BLOCKS = YES;
				GCC_OPTIMIZATION_LEVEL = 0;
				GCC_PREPROCESSOR_DEFINITIONS = (
					"DEBUG=1",
					"$(inherited)",
				);
				GCC_WARN_64_TO_32_BIT_CONVERSION = YES;
				GCC_WARN_ABOUT_RETURN_TYPE = YES_ERROR;
				GCC_WARN_UNDECLARED_SELECTOR = YES;
				GCC_WARN_UNINITIALIZED_AUTOS = YES_AGGRESSIVE;
				GCC_WARN_UNUSED_FUNCTION = YES;
				GCC_WARN_UNUSED_VARIABLE = YES;
				IPHONEOS_DEPLOYMENT_TARGET = 16.4;
				MTL_ENABLE_DEBUG_INFO = INCLUDE_SOURCE;
				MTL_FAST_MATH = YES;
				ONLY_ACTIVE_ARCH = YES;
				SDKROOT = iphoneos;
				SWIFT_ACTIVE_COMPILATION_CONDITIONS = DEBUG;
				SWIFT_OPTIMIZATION_LEVEL = "-Onone";
			};
			name = Debug;
		};
		3238F0BB2A1E54EC00130C88 /* Release */ = {
			isa = XCBuildConfiguration;
			buildSettings = {
				ALWAYS_SEARCH_USER_PATHS = NO;
				CLANG_ANALYZER_NONNULL = YES;
				CLANG_ANALYZER_NUMBER_OBJECT_CONVERSION = YES_AGGRESSIVE;
				CLANG_CXX_LANGUAGE_STANDARD = "gnu++20";
				CLANG_ENABLE_MODULES = YES;
				CLANG_ENABLE_OBJC_ARC = YES;
				CLANG_ENABLE_OBJC_WEAK = YES;
				CLANG_WARN_BLOCK_CAPTURE_AUTORELEASING = YES;
				CLANG_WARN_BOOL_CONVERSION = YES;
				CLANG_WARN_COMMA = YES;
				CLANG_WARN_CONSTANT_CONVERSION = YES;
				CLANG_WARN_DEPRECATED_OBJC_IMPLEMENTATIONS = YES;
				CLANG_WARN_DIRECT_OBJC_ISA_USAGE = YES_ERROR;
				CLANG_WARN_DOCUMENTATION_COMMENTS = YES;
				CLANG_WARN_EMPTY_BODY = YES;
				CLANG_WARN_ENUM_CONVERSION = YES;
				CLANG_WARN_INFINITE_RECURSION = YES;
				CLANG_WARN_INT_CONVERSION = YES;
				CLANG_WARN_NON_LITERAL_NULL_CONVERSION = YES;
				CLANG_WARN_OBJC_IMPLICIT_RETAIN_SELF = YES;
				CLANG_WARN_OBJC_LITERAL_CONVERSION = YES;
				CLANG_WARN_OBJC_ROOT_CLASS = YES_ERROR;
				CLANG_WARN_QUOTED_INCLUDE_IN_FRAMEWORK_HEADER = YES;
				CLANG_WARN_RANGE_LOOP_ANALYSIS = YES;
				CLANG_WARN_STRICT_PROTOTYPES = YES;
				CLANG_WARN_SUSPICIOUS_MOVE = YES;
				CLANG_WARN_UNGUARDED_AVAILABILITY = YES_AGGRESSIVE;
				CLANG_WARN_UNREACHABLE_CODE = YES;
				CLANG_WARN__DUPLICATE_METHOD_MATCH = YES;
				COPY_PHASE_STRIP = NO;
				DEBUG_INFORMATION_FORMAT = "dwarf-with-dsym";
				ENABLE_NS_ASSERTIONS = NO;
				ENABLE_STRICT_OBJC_MSGSEND = YES;
				GCC_C_LANGUAGE_STANDARD = gnu11;
				GCC_NO_COMMON_BLOCKS = YES;
				GCC_WARN_64_TO_32_BIT_CONVERSION = YES;
				GCC_WARN_ABOUT_RETURN_TYPE = YES_ERROR;
				GCC_WARN_UNDECLARED_SELECTOR = YES;
				GCC_WARN_UNINITIALIZED_AUTOS = YES_AGGRESSIVE;
				GCC_WARN_UNUSED_FUNCTION = YES;
				GCC_WARN_UNUSED_VARIABLE = YES;
				IPHONEOS_DEPLOYMENT_TARGET = 16.4;
				MTL_ENABLE_DEBUG_INFO = NO;
				MTL_FAST_MATH = YES;
				SDKROOT = iphoneos;
				SWIFT_COMPILATION_MODE = wholemodule;
				SWIFT_OPTIMIZATION_LEVEL = "-O";
				VALIDATE_PRODUCT = YES;
			};
			name = Release;
		};
		3238F0BD2A1E54EC00130C88 /* Debug */ = {
			isa = XCBuildConfiguration;
			buildSettings = {
				ASSETCATALOG_COMPILER_APPICON_NAME = AppIcon;
				ASSETCATALOG_COMPILER_GLOBAL_ACCENT_COLOR_NAME = AccentColor;
				CODE_SIGN_STYLE = Automatic;
				CURRENT_PROJECT_VERSION = 1;
				DEVELOPMENT_TEAM = YV72SAKGKB;
				GENERATE_INFOPLIST_FILE = YES;
				INFOPLIST_KEY_NSLocationWhenInUseUsageDescription = "Разрешите для определения геолокации.";
				INFOPLIST_KEY_UIApplicationSupportsIndirectInputEvents = YES;
				INFOPLIST_KEY_UILaunchStoryboardName = LaunchScreen;
				INFOPLIST_KEY_UISupportedInterfaceOrientations = UIInterfaceOrientationPortrait;
				INFOPLIST_KEY_UISupportedInterfaceOrientations_iPad = "UIInterfaceOrientationLandscapeLeft UIInterfaceOrientationLandscapeRight UIInterfaceOrientationPortrait UIInterfaceOrientationPortraitUpsideDown";
				IPHONEOS_DEPLOYMENT_TARGET = 15.0;
				LD_RUNPATH_SEARCH_PATHS = (
					"$(inherited)",
					"@executable_path/Frameworks",
				);
				MARKETING_VERSION = 1.0;
				PRODUCT_BUNDLE_IDENTIFIER = "Alexey-Statiev.WeatherAppTestTask";
				PRODUCT_NAME = "$(TARGET_NAME)";
				SUPPORTED_PLATFORMS = "iphoneos iphonesimulator";
				SUPPORTS_MACCATALYST = NO;
				SUPPORTS_MAC_DESIGNED_FOR_IPHONE_IPAD = NO;
				SWIFT_EMIT_LOC_STRINGS = YES;
				SWIFT_VERSION = 5.0;
				TARGETED_DEVICE_FAMILY = 1;
			};
			name = Debug;
		};
		3238F0BE2A1E54EC00130C88 /* Release */ = {
			isa = XCBuildConfiguration;
			buildSettings = {
				ASSETCATALOG_COMPILER_APPICON_NAME = AppIcon;
				ASSETCATALOG_COMPILER_GLOBAL_ACCENT_COLOR_NAME = AccentColor;
				CODE_SIGN_STYLE = Automatic;
				CURRENT_PROJECT_VERSION = 1;
				DEVELOPMENT_TEAM = YV72SAKGKB;
				GENERATE_INFOPLIST_FILE = YES;
				INFOPLIST_KEY_NSLocationWhenInUseUsageDescription = "Разрешите для определения геолокации.";
				INFOPLIST_KEY_UIApplicationSupportsIndirectInputEvents = YES;
				INFOPLIST_KEY_UILaunchStoryboardName = LaunchScreen;
				INFOPLIST_KEY_UISupportedInterfaceOrientations = UIInterfaceOrientationPortrait;
				INFOPLIST_KEY_UISupportedInterfaceOrientations_iPad = "UIInterfaceOrientationLandscapeLeft UIInterfaceOrientationLandscapeRight UIInterfaceOrientationPortrait UIInterfaceOrientationPortraitUpsideDown";
				IPHONEOS_DEPLOYMENT_TARGET = 15.0;
				LD_RUNPATH_SEARCH_PATHS = (
					"$(inherited)",
					"@executable_path/Frameworks",
				);
				MARKETING_VERSION = 1.0;
				PRODUCT_BUNDLE_IDENTIFIER = "Alexey-Statiev.WeatherAppTestTask";
				PRODUCT_NAME = "$(TARGET_NAME)";
				SUPPORTED_PLATFORMS = "iphoneos iphonesimulator";
				SUPPORTS_MACCATALYST = NO;
				SUPPORTS_MAC_DESIGNED_FOR_IPHONE_IPAD = NO;
				SWIFT_EMIT_LOC_STRINGS = YES;
				SWIFT_VERSION = 5.0;
				TARGETED_DEVICE_FAMILY = 1;
			};
			name = Release;
		};
/* End XCBuildConfiguration section */

/* Begin XCConfigurationList section */
		3238F0A72A1E54E900130C88 /* Build configuration list for PBXProject "WeatherAppTestTask" */ = {
			isa = XCConfigurationList;
			buildConfigurations = (
				3238F0BA2A1E54EC00130C88 /* Debug */,
				3238F0BB2A1E54EC00130C88 /* Release */,
			);
			defaultConfigurationIsVisible = 0;
			defaultConfigurationName = Release;
		};
		3238F0BC2A1E54EC00130C88 /* Build configuration list for PBXNativeTarget "WeatherAppTestTask" */ = {
			isa = XCConfigurationList;
			buildConfigurations = (
				3238F0BD2A1E54EC00130C88 /* Debug */,
				3238F0BE2A1E54EC00130C88 /* Release */,
			);
			defaultConfigurationIsVisible = 0;
			defaultConfigurationName = Release;
		};
/* End XCConfigurationList section */
	};
	rootObject = 3238F0A42A1E54E900130C88 /* Project object */;
}
